
Microsoft Visual Studio Solution File, Format Version 12.00
# Visual Studio Version 16
VisualStudioVersion = 16.0.30907.101
MinimumVisualStudioVersion = 10.0.40219.1
Project("{9A19103F-16F7-4668-BE54-9A1E7A4F7556}") = "DataAccess", "DataAccess\DataAccess.csproj", "{CFF0406A-A74D-4005-9205-8F87F348CEDD}"
EndProject
Project("{9A19103F-16F7-4668-BE54-9A1E7A4F7556}") = "Entities", "Entities\Entities.csproj", "{322DA5CD-5E25-4921-9AC0-666F3EDC1D32}"
EndProject
Project("{9A19103F-16F7-4668-BE54-9A1E7A4F7556}") = "Business", "Business\Business.csproj", "{4B85035C-1EB2-4B28-9267-A541A95D7B41}"
EndProject
Project("{9A19103F-16F7-4668-BE54-9A1E7A4F7556}") = "ConsoleUI", "ConsoleUI\ConsoleUI.csproj", "{3D7DDAA6-A3D2-4E07-8996-BFB52DE3925B}"
EndProject
Project("{9A19103F-16F7-4668-BE54-9A1E7A4F7556}") = "Core", "Core\Core.csproj", "{DCBEB19B-92C7-48A7-8B25-F293BFAC072A}"
EndProject
Project("{FAE04EC0-301F-11D3-BF4B-00C04F79EFBC}") = "WebAPI", "WebAPI\WebAPI.csproj", "{CEF9987D-EE4F-47C4-A8E8-EB1A19BAE8CC}"
EndProject
Global
	GlobalSection(SolutionConfigurationPlatforms) = preSolution
		Debug|Any CPU = Debug|Any CPU
		Release|Any CPU = Release|Any CPU
	EndGlobalSection
	GlobalSection(ProjectConfigurationPlatforms) = postSolution
		{CFF0406A-A74D-4005-9205-8F87F348CEDD}.Debug|Any CPU.ActiveCfg = Debug|Any CPU
		{CFF0406A-A74D-4005-9205-8F87F348CEDD}.Debug|Any CPU.Build.0 = Debug|Any CPU
		{CFF0406A-A74D-4005-9205-8F87F348CEDD}.Release|Any CPU.ActiveCfg = Release|Any CPU
		{CFF0406A-A74D-4005-9205-8F87F348CEDD}.Release|Any CPU.Build.0 = Release|Any CPU
		{322DA5CD-5E25-4921-9AC0-666F3EDC1D32}.Debug|Any CPU.ActiveCfg = Debug|Any CPU
		{322DA5CD-5E25-4921-9AC0-666F3EDC1D32}.Debug|Any CPU.Build.0 = Debug|Any CPU
		{322DA5CD-5E25-4921-9AC0-666F3EDC1D32}.Release|Any CPU.ActiveCfg = Release|Any CPU
		{322DA5CD-5E25-4921-9AC0-666F3EDC1D32}.Release|Any CPU.Build.0 = Release|Any CPU
		{4B85035C-1EB2-4B28-9267-A541A95D7B41}.Debug|Any CPU.ActiveCfg = Debug|Any CPU
		{4B85035C-1EB2-4B28-9267-A541A95D7B41}.Debug|Any CPU.Build.0 = Debug|Any CPU
		{4B85035C-1EB2-4B28-9267-A541A95D7B41}.Release|Any CPU.ActiveCfg = Release|Any CPU
		{4B85035C-1EB2-4B28-9267-A541A95D7B41}.Release|Any CPU.Build.0 = Release|Any CPU
		{3D7DDAA6-A3D2-4E07-8996-BFB52DE3925B}.Debug|Any CPU.ActiveCfg = Debug|Any CPU
		{3D7DDAA6-A3D2-4E07-8996-BFB52DE3925B}.Debug|Any CPU.Build.0 = Debug|Any CPU
		{3D7DDAA6-A3D2-4E07-8996-BFB52DE3925B}.Release|Any CPU.ActiveCfg = Release|Any CPU
		{3D7DDAA6-A3D2-4E07-8996-BFB52DE3925B}.Release|Any CPU.Build.0 = Release|Any CPU
		{DCBEB19B-92C7-48A7-8B25-F293BFAC072A}.Debug|Any CPU.ActiveCfg = Debug|Any CPU
		{DCBEB19B-92C7-48A7-8B25-F293BFAC072A}.Debug|Any CPU.Build.0 = Debug|Any CPU
		{DCBEB19B-92C7-48A7-8B25-F293BFAC072A}.Release|Any CPU.ActiveCfg = Release|Any CPU
		{DCBEB19B-92C7-48A7-8B25-F293BFAC072A}.Release|Any CPU.Build.0 = Release|Any CPU
		{CEF9987D-EE4F-47C4-A8E8-EB1A19BAE8CC}.Debug|Any CPU.ActiveCfg = Debug|Any CPU
		{CEF9987D-EE4F-47C4-A8E8-EB1A19BAE8CC}.Debug|Any CPU.Build.0 = Debug|Any CPU
		{CEF9987D-EE4F-47C4-A8E8-EB1A19BAE8CC}.Release|Any CPU.ActiveCfg = Release|Any CPU
		{CEF9987D-EE4F-47C4-A8E8-EB1A19BAE8CC}.Release|Any CPU.Build.0 = Release|Any CPU
	EndGlobalSection
	GlobalSection(SolutionProperties) = preSolution
		HideSolutionNode = FALSE
	EndGlobalSection
	GlobalSection(ExtensibilityGlobals) = postSolution
		SolutionGuid = {1A0AE5BB-A545-440C-8651-D05B37BFCCA3}
	EndGlobalSection
EndGlobal
